// !$*UTF8*$!
{
	archiveVersion = 1;
	classes = {
	};
	objectVersion = 54;
	objects = {

/* Begin PBXBuildFile section */
		1305487C26F1EEF700BD7720 /* Assets.xcassets in Resources */ = {isa = PBXBuildFile; fileRef = 1305485126F1EEF700BD7720 /* Assets.xcassets */; };
		1305489626F1EEF700BD7720 /* Preview Assets.xcassets in Resources */ = {isa = PBXBuildFile; fileRef = 1305487426F1EEF700BD7720 /* Preview Assets.xcassets */; };
		1305489726F1EEF700BD7720 /* LaunchScreen.storyboard in Resources */ = {isa = PBXBuildFile; fileRef = 1305487526F1EEF700BD7720 /* LaunchScreen.storyboard */; };
		1305489826F1EEF700BD7720 /* ContentViewViewModel.swift in Sources */ = {isa = PBXBuildFile; fileRef = 1305487726F1EEF700BD7720 /* ContentViewViewModel.swift */; };
		1305489926F1EEF700BD7720 /* AppDelegate.swift in Sources */ = {isa = PBXBuildFile; fileRef = 1305487826F1EEF700BD7720 /* AppDelegate.swift */; };
		1305489A26F1EEF700BD7720 /* ContentView.swift in Sources */ = {isa = PBXBuildFile; fileRef = 1305487926F1EEF700BD7720 /* ContentView.swift */; };
		1305489C26F1EEF700BD7720 /* SceneDelegate.swift in Sources */ = {isa = PBXBuildFile; fileRef = 1305487B26F1EEF700BD7720 /* SceneDelegate.swift */; };
		1361437226F1F66500FA3C57 /* Cookie in Frameworks */ = {isa = PBXBuildFile; productRef = 1361437126F1F66500FA3C57 /* Cookie */; };
/* End PBXBuildFile section */

/* Begin PBXFileReference section */
		1305485126F1EEF700BD7720 /* Assets.xcassets */ = {isa = PBXFileReference; lastKnownFileType = folder.assetcatalog; path = Assets.xcassets; sourceTree = "<group>"; };
		1305487426F1EEF700BD7720 /* Preview Assets.xcassets */ = {isa = PBXFileReference; lastKnownFileType = folder.assetcatalog; path = "Preview Assets.xcassets"; sourceTree = "<group>"; };
		1305487626F1EEF700BD7720 /* Base */ = {isa = PBXFileReference; lastKnownFileType = file.storyboard; name = Base; path = Base.lproj/LaunchScreen.storyboard; sourceTree = "<group>"; };
		1305487726F1EEF700BD7720 /* ContentViewViewModel.swift */ = {isa = PBXFileReference; fileEncoding = 4; lastKnownFileType = sourcecode.swift; path = ContentViewViewModel.swift; sourceTree = "<group>"; };
		1305487826F1EEF700BD7720 /* AppDelegate.swift */ = {isa = PBXFileReference; fileEncoding = 4; lastKnownFileType = sourcecode.swift; path = AppDelegate.swift; sourceTree = "<group>"; };
		1305487926F1EEF700BD7720 /* ContentView.swift */ = {isa = PBXFileReference; fileEncoding = 4; lastKnownFileType = sourcecode.swift; path = ContentView.swift; sourceTree = "<group>"; };
		1305487A26F1EEF700BD7720 /* Info.plist */ = {isa = PBXFileReference; fileEncoding = 4; lastKnownFileType = text.plist.xml; path = Info.plist; sourceTree = "<group>"; };
		1305487B26F1EEF700BD7720 /* SceneDelegate.swift */ = {isa = PBXFileReference; fileEncoding = 4; lastKnownFileType = sourcecode.swift; path = SceneDelegate.swift; sourceTree = "<group>"; };
		134B6EB4275435C40022B811 /* Cookie */ = {isa = PBXFileReference; lastKnownFileType = folder; name = Cookie; sourceTree = "<group>"; };
		806BB822260FB579002BCA40 /* CookieiOS.app */ = {isa = PBXFileReference; explicitFileType = wrapper.application; includeInIndex = 0; path = CookieiOS.app; sourceTree = BUILT_PRODUCTS_DIR; };
/* End PBXFileReference section */

/* Begin PBXFrameworksBuildPhase section */
		806BB81F260FB579002BCA40 /* Frameworks */ = {
			isa = PBXFrameworksBuildPhase;
			buildActionMask = 2147483647;
			files = (
				1361437226F1F66500FA3C57 /* Cookie in Frameworks */,
			);
			runOnlyForDeploymentPostprocessing = 0;
		};
/* End PBXFrameworksBuildPhase section */

/* Begin PBXGroup section */
		1305485026F1EEF700BD7720 /* CookieiOS */ = {
			isa = PBXGroup;
			children = (
				1305485126F1EEF700BD7720 /* Assets.xcassets */,
				1305487326F1EEF700BD7720 /* Preview Content */,
				1305487526F1EEF700BD7720 /* LaunchScreen.storyboard */,
				1305487726F1EEF700BD7720 /* ContentViewViewModel.swift */,
				1305487826F1EEF700BD7720 /* AppDelegate.swift */,
				1305487926F1EEF700BD7720 /* ContentView.swift */,
				1305487A26F1EEF700BD7720 /* Info.plist */,
				1305487B26F1EEF700BD7720 /* SceneDelegate.swift */,
			);
			path = CookieiOS;
			sourceTree = "<group>";
		};
		1305487326F1EEF700BD7720 /* Preview Content */ = {
			isa = PBXGroup;
			children = (
				1305487426F1EEF700BD7720 /* Preview Assets.xcassets */,
			);
			path = "Preview Content";
			sourceTree = "<group>";
		};
		13BEEF1326F2797500F614B0 /* Packages */ = {
			isa = PBXGroup;
			children = (
				134B6EB4275435C40022B811 /* Cookie */,
			);
			name = Packages;
			sourceTree = "<group>";
		};
		8054E382261B59320096AC32 /* Frameworks */ = {
			isa = PBXGroup;
			children = (
			);
			name = Frameworks;
			sourceTree = "<group>";
		};
		806BB819260FB579002BCA40 = {
			isa = PBXGroup;
			children = (
				13BEEF1326F2797500F614B0 /* Packages */,
				1305485026F1EEF700BD7720 /* CookieiOS */,
				806BB823260FB579002BCA40 /* Products */,
				8054E382261B59320096AC32 /* Frameworks */,
			);
			sourceTree = "<group>";
		};
		806BB823260FB579002BCA40 /* Products */ = {
			isa = PBXGroup;
			children = (
				806BB822260FB579002BCA40 /* CookieiOS.app */,
			);
			name = Products;
			sourceTree = "<group>";
		};
/* End PBXGroup section */

/* Begin PBXNativeTarget section */
		806BB821260FB579002BCA40 /* CookieiOS */ = {
			isa = PBXNativeTarget;
			buildConfigurationList = 806BB836260FB57B002BCA40 /* Build configuration list for PBXNativeTarget "CookieiOS" */;
			buildPhases = (
				806BB81E260FB579002BCA40 /* Sources */,
				806BB81F260FB579002BCA40 /* Frameworks */,
				806BB820260FB579002BCA40 /* Resources */,
				13F4981E276E31640088C0F6 /* ShellScript */,
			);
			buildRules = (
			);
			dependencies = (
			);
			name = CookieiOS;
			packageProductDependencies = (
				1361437126F1F66500FA3C57 /* Cookie */,
			);
			productName = Cookie;
			productReference = 806BB822260FB579002BCA40 /* CookieiOS.app */;
			productType = "com.apple.product-type.application";
		};
/* End PBXNativeTarget section */

/* Begin PBXProject section */
		806BB81A260FB579002BCA40 /* Project object */ = {
			isa = PBXProject;
			attributes = {
				LastSwiftUpdateCheck = 1250;
				LastUpgradeCheck = 1250;
				TargetAttributes = {
					806BB821260FB579002BCA40 = {
						CreatedOnToolsVersion = 12.5;
					};
				};
			};
			buildConfigurationList = 806BB81D260FB579002BCA40 /* Build configuration list for PBXProject "Cookie" */;
			compatibilityVersion = "Xcode 12.0";
			developmentRegion = en;
			hasScannedForEncodings = 0;
			knownRegions = (
				en,
				Base,
			);
			mainGroup = 806BB819260FB579002BCA40;
			productRefGroup = 806BB823260FB579002BCA40 /* Products */;
			projectDirPath = "";
			projectRoot = "";
			targets = (
				806BB821260FB579002BCA40 /* CookieiOS */,
			);
		};
/* End PBXProject section */

/* Begin PBXResourcesBuildPhase section */
		806BB820260FB579002BCA40 /* Resources */ = {
			isa = PBXResourcesBuildPhase;
			buildActionMask = 2147483647;
			files = (
				1305489726F1EEF700BD7720 /* LaunchScreen.storyboard in Resources */,
				1305489626F1EEF700BD7720 /* Preview Assets.xcassets in Resources */,
				1305487C26F1EEF700BD7720 /* Assets.xcassets in Resources */,
			);
			runOnlyForDeploymentPostprocessing = 0;
		};
/* End PBXResourcesBuildPhase section */

/* Begin PBXShellScriptBuildPhase section */
		13F4981E276E31640088C0F6 /* ShellScript */ = {
			isa = PBXShellScriptBuildPhase;
			buildActionMask = 2147483647;
			files = (
			);
			inputFileListPaths = (
			);
			inputPaths = (
			);
			outputFileListPaths = (
			);
			outputPaths = (
			);
			runOnlyForDeploymentPostprocessing = 0;
			shellPath = /bin/sh;
			shellScript = "if which swiftlint >/dev/null; then\n  swiftlint\nelse\n  echo \"warning: SwiftLint not installed, download from https://github.com/realm/SwiftLint\"\nfi\n";
		};
/* End PBXShellScriptBuildPhase section */

/* Begin PBXSourcesBuildPhase section */
		806BB81E260FB579002BCA40 /* Sources */ = {
			isa = PBXSourcesBuildPhase;
			buildActionMask = 2147483647;
			files = (
				1305489826F1EEF700BD7720 /* ContentViewViewModel.swift in Sources */,
				1305489A26F1EEF700BD7720 /* ContentView.swift in Sources */,
				1305489C26F1EEF700BD7720 /* SceneDelegate.swift in Sources */,
				1305489926F1EEF700BD7720 /* AppDelegate.swift in Sources */,
			);
			runOnlyForDeploymentPostprocessing = 0;
		};
/* End PBXSourcesBuildPhase section */

/* Begin PBXVariantGroup section */
		1305487526F1EEF700BD7720 /* LaunchScreen.storyboard */ = {
			isa = PBXVariantGroup;
			children = (
				1305487626F1EEF700BD7720 /* Base */,
			);
			name = LaunchScreen.storyboard;
			sourceTree = "<group>";
		};
/* End PBXVariantGroup section */

/* Begin XCBuildConfiguration section */
		806BB834260FB57B002BCA40 /* Debug */ = {
			isa = XCBuildConfiguration;
			buildSettings = {
				ALWAYS_SEARCH_USER_PATHS = NO;
				CLANG_ANALYZER_NONNULL = YES;
				CLANG_ANALYZER_NUMBER_OBJECT_CONVERSION = YES_AGGRESSIVE;
				CLANG_CXX_LANGUAGE_STANDARD = "gnu++14";
				CLANG_CXX_LIBRARY = "libc++";
				CLANG_ENABLE_MODULES = YES;
				CLANG_ENABLE_OBJC_ARC = YES;
				CLANG_ENABLE_OBJC_WEAK = YES;
				CLANG_WARN_BLOCK_CAPTURE_AUTORELEASING = YES;
				CLANG_WARN_BOOL_CONVERSION = YES;
				CLANG_WARN_COMMA = YES;
				CLANG_WARN_CONSTANT_CONVERSION = YES;
				CLANG_WARN_DEPRECATED_OBJC_IMPLEMENTATIONS = YES;
				CLANG_WARN_DIRECT_OBJC_ISA_USAGE = YES_ERROR;
				CLANG_WARN_DOCUMENTATION_COMMENTS = YES;
				CLANG_WARN_EMPTY_BODY = YES;
				CLANG_WARN_ENUM_CONVERSION = YES;
				CLANG_WARN_INFINITE_RECURSION = YES;
				CLANG_WARN_INT_CONVERSION = YES;
				CLANG_WARN_NON_LITERAL_NULL_CONVERSION = YES;
				CLANG_WARN_OBJC_IMPLICIT_RETAIN_SELF = YES;
				CLANG_WARN_OBJC_LITERAL_CONVERSION = YES;
				CLANG_WARN_OBJC_ROOT_CLASS = YES_ERROR;
				CLANG_WARN_QUOTED_INCLUDE_IN_FRAMEWORK_HEADER = YES;
				CLANG_WARN_RANGE_LOOP_ANALYSIS = YES;
				CLANG_WARN_STRICT_PROTOTYPES = YES;
				CLANG_WARN_SUSPICIOUS_MOVE = YES;
				CLANG_WARN_UNGUARDED_AVAILABILITY = YES_AGGRESSIVE;
				CLANG_WARN_UNREACHABLE_CODE = YES;
				CLANG_WARN__DUPLICATE_METHOD_MATCH = YES;
				COPY_PHASE_STRIP = NO;
				DEBUG_INFORMATION_FORMAT = dwarf;
				ENABLE_STRICT_OBJC_MSGSEND = YES;
				ENABLE_TESTABILITY = YES;
				GCC_C_LANGUAGE_STANDARD = gnu11;
				GCC_DYNAMIC_NO_PIC = NO;
				GCC_NO_COMMON_BLOCKS = YES;
				GCC_OPTIMIZATION_LEVEL = 0;
				GCC_PREPROCESSOR_DEFINITIONS = (
					"DEBUG=1",
					"$(inherited)",
				);
				GCC_WARN_64_TO_32_BIT_CONVERSION = YES;
				GCC_WARN_ABOUT_RETURN_TYPE = YES_ERROR;
				GCC_WARN_UNDECLARED_SELECTOR = YES;
				GCC_WARN_UNINITIALIZED_AUTOS = YES_AGGRESSIVE;
				GCC_WARN_UNUSED_FUNCTION = YES;
				GCC_WARN_UNUSED_VARIABLE = YES;
				IPHONEOS_DEPLOYMENT_TARGET = 13.0;
				MTL_ENABLE_DEBUG_INFO = INCLUDE_SOURCE;
				MTL_FAST_MATH = YES;
				ONLY_ACTIVE_ARCH = YES;
				SDKROOT = iphoneos;
				SWIFT_ACTIVE_COMPILATION_CONDITIONS = DEBUG;
				SWIFT_OPTIMIZATION_LEVEL = "-Onone";
			};
			name = Debug;
		};
		806BB835260FB57B002BCA40 /* Release */ = {
			isa = XCBuildConfiguration;
			buildSettings = {
				ALWAYS_SEARCH_USER_PATHS = NO;
				CLANG_ANALYZER_NONNULL = YES;
				CLANG_ANALYZER_NUMBER_OBJECT_CONVERSION = YES_AGGRESSIVE;
				CLANG_CXX_LANGUAGE_STANDARD = "gnu++14";
				CLANG_CXX_LIBRARY = "libc++";
				CLANG_ENABLE_MODULES = YES;
				CLANG_ENABLE_OBJC_ARC = YES;
				CLANG_ENABLE_OBJC_WEAK = YES;
				CLANG_WARN_BLOCK_CAPTURE_AUTORELEASING = YES;
				CLANG_WARN_BOOL_CONVERSION = YES;
				CLANG_WARN_COMMA = YES;
				CLANG_WARN_CONSTANT_CONVERSION = YES;
				CLANG_WARN_DEPRECATED_OBJC_IMPLEMENTATIONS = YES;
				CLANG_WARN_DIRECT_OBJC_ISA_USAGE = YES_ERROR;
				CLANG_WARN_DOCUMENTATION_COMMENTS = YES;
				CLANG_WARN_EMPTY_BODY = YES;
				CLANG_WARN_ENUM_CONVERSION = YES;
				CLANG_WARN_INFINITE_RECURSION = YES;
				CLANG_WARN_INT_CONVERSION = YES;
				CLANG_WARN_NON_LITERAL_NULL_CONVERSION = YES;
				CLANG_WARN_OBJC_IMPLICIT_RETAIN_SELF = YES;
				CLANG_WARN_OBJC_LITERAL_CONVERSION = YES;
				CLANG_WARN_OBJC_ROOT_CLASS = YES_ERROR;
				CLANG_WARN_QUOTED_INCLUDE_IN_FRAMEWORK_HEADER = YES;
				CLANG_WARN_RANGE_LOOP_ANALYSIS = YES;
				CLANG_WARN_STRICT_PROTOTYPES = YES;
				CLANG_WARN_SUSPICIOUS_MOVE = YES;
				CLANG_WARN_UNGUARDED_AVAILABILITY = YES_AGGRESSIVE;
				CLANG_WARN_UNREACHABLE_CODE = YES;
				CLANG_WARN__DUPLICATE_METHOD_MATCH = YES;
				COPY_PHASE_STRIP = NO;
				DEBUG_INFORMATION_FORMAT = "dwarf-with-dsym";
				ENABLE_NS_ASSERTIONS = NO;
				ENABLE_STRICT_OBJC_MSGSEND = YES;
				GCC_C_LANGUAGE_STANDARD = gnu11;
				GCC_NO_COMMON_BLOCKS = YES;
				GCC_WARN_64_TO_32_BIT_CONVERSION = YES;
				GCC_WARN_ABOUT_RETURN_TYPE = YES_ERROR;
				GCC_WARN_UNDECLARED_SELECTOR = YES;
				GCC_WARN_UNINITIALIZED_AUTOS = YES_AGGRESSIVE;
				GCC_WARN_UNUSED_FUNCTION = YES;
				GCC_WARN_UNUSED_VARIABLE = YES;
				IPHONEOS_DEPLOYMENT_TARGET = 13.0;
				MTL_ENABLE_DEBUG_INFO = NO;
				MTL_FAST_MATH = YES;
				SDKROOT = iphoneos;
				SWIFT_COMPILATION_MODE = wholemodule;
				SWIFT_OPTIMIZATION_LEVEL = "-O";
				VALIDATE_PRODUCT = YES;
			};
			name = Release;
		};
		806BB837260FB57B002BCA40 /* Debug */ = {
			isa = XCBuildConfiguration;
			buildSettings = {
				ASSETCATALOG_COMPILER_APPICON_NAME = AppIcon;
				ASSETCATALOG_COMPILER_GLOBAL_ACCENT_COLOR_NAME = AccentColor;
				CODE_SIGN_IDENTITY = "iPhone Developer";
				CODE_SIGN_STYLE = Manual;
				DEVELOPMENT_ASSET_PATHS = "\"CookieiOS/Preview Content\"";
				DEVELOPMENT_TEAM = 5P8VAVYY6X;
				ENABLE_PREVIEWS = YES;
				INFOPLIST_FILE = CookieiOS/Info.plist;
				LD_RUNPATH_SEARCH_PATHS = (
					"$(inherited)",
					"@executable_path/Frameworks",
				);
				PRODUCT_BUNDLE_IDENTIFIER = com.rleao.Cookie;
				PRODUCT_NAME = "$(TARGET_NAME)";
				PROVISIONING_PROFILE_SPECIFIER = "";
				SWIFT_VERSION = 5.0;
				TARGETED_DEVICE_FAMILY = "1,2";
			};
			name = Debug;
		};
		806BB838260FB57B002BCA40 /* Release */ = {
			isa = XCBuildConfiguration;
			buildSettings = {
				ASSETCATALOG_COMPILER_APPICON_NAME = AppIcon;
				ASSETCATALOG_COMPILER_GLOBAL_ACCENT_COLOR_NAME = AccentColor;
				CODE_SIGN_IDENTITY = "iPhone Developer";
				CODE_SIGN_STYLE = Manual;
				DEVELOPMENT_ASSET_PATHS = "\"CookieiOS/Preview Content\"";
				DEVELOPMENT_TEAM = 5P8VAVYY6X;
				ENABLE_PREVIEWS = YES;
				INFOPLIST_FILE = CookieiOS/Info.plist;
				LD_RUNPATH_SEARCH_PATHS = (
					"$(inherited)",
					"@executable_path/Frameworks",
				);
				PRODUCT_BUNDLE_IDENTIFIER = com.rleao.Cookie;
				PRODUCT_NAME = "$(TARGET_NAME)";
				PROVISIONING_PROFILE_SPECIFIER = "";
				SWIFT_VERSION = 5.0;
				TARGETED_DEVICE_FAMILY = "1,2";
			};
			name = Release;
		};
/* End XCBuildConfiguration section */

/* Begin XCConfigurationList section */
		806BB81D260FB579002BCA40 /* Build configuration list for PBXProject "Cookie" */ = {
			isa = XCConfigurationList;
			buildConfigurations = (
				806BB834260FB57B002BCA40 /* Debug */,
				806BB835260FB57B002BCA40 /* Release */,
			);
			defaultConfigurationIsVisible = 0;
			defaultConfigurationName = Release;
		};
		806BB836260FB57B002BCA40 /* Build configuration list for PBXNativeTarget "CookieiOS" */ = {
			isa = XCConfigurationList;
			buildConfigurations = (
				806BB837260FB57B002BCA40 /* Debug */,
				806BB838260FB57B002BCA40 /* Release */,
			);
			defaultConfigurationIsVisible = 0;
			defaultConfigurationName = Release;
		};
/* End XCConfigurationList section */

/* Begin XCSwiftPackageProductDependency section */
		1361437126F1F66500FA3C57 /* Cookie */ = {
			isa = XCSwiftPackageProductDependency;
			productName = Cookie;
		};
/* End XCSwiftPackageProductDependency section */
	};
	rootObject = 806BB81A260FB579002BCA40 /* Project object */;
}
