// !$*UTF8*$!
{
	archiveVersion = 1;
	classes = {
	};
	objectVersion = 54;
	objects = {

/* Begin PBXBuildFile section */
		1305481626EE777000BD7720 /* LoadingIndicator.swift in Sources */ = {isa = PBXBuildFile; fileRef = 1305481526EE777000BD7720 /* LoadingIndicator.swift */; };
		1305481826EEA9EF00BD7720 /* SearchNavigation.swift in Sources */ = {isa = PBXBuildFile; fileRef = 1305481726EEA9EF00BD7720 /* SearchNavigation.swift */; };
		1305481A26EF417E00BD7720 /* TestRequest.swift in Sources */ = {isa = PBXBuildFile; fileRef = 1305481926EF417E00BD7720 /* TestRequest.swift */; };
		1305481C26EFF6BB00BD7720 /* SearchBar.swift in Sources */ = {isa = PBXBuildFile; fileRef = 1305481B26EFF6BB00BD7720 /* SearchBar.swift */; };
		1305481E26EFFB5900BD7720 /* RequestTabDescriptor.swift in Sources */ = {isa = PBXBuildFile; fileRef = 1305481D26EFFB5900BD7720 /* RequestTabDescriptor.swift */; };
		1305482026F090C200BD7720 /* RequestDetailTabViewModel.swift in Sources */ = {isa = PBXBuildFile; fileRef = 1305481F26F090C200BD7720 /* RequestDetailTabViewModel.swift */; };
		1305482226F0A9B000BD7720 /* RequestDetailViewModel.swift in Sources */ = {isa = PBXBuildFile; fileRef = 1305482126F0A9B000BD7720 /* RequestDetailViewModel.swift */; };
		1305482426F0AA3500BD7720 /* SummaryTabDescriptor.swift in Sources */ = {isa = PBXBuildFile; fileRef = 1305482326F0AA3500BD7720 /* SummaryTabDescriptor.swift */; };
		13EA406126EBA1FF00FFD0F7 /* RequestDetailItem.swift in Sources */ = {isa = PBXBuildFile; fileRef = 13EA406026EBA1FF00FFD0F7 /* RequestDetailItem.swift */; };
		8054E360261A4D580096AC32 /* RequestDetailTab.swift in Sources */ = {isa = PBXBuildFile; fileRef = 8054E35F261A4D580096AC32 /* RequestDetailTab.swift */; };
		8054E364261A62F20096AC32 /* ResponseTabDescriptor.swift in Sources */ = {isa = PBXBuildFile; fileRef = 8054E363261A62F20096AC32 /* ResponseTabDescriptor.swift */; };
		8054E365261B19B90096AC32 /* RequestDetailTab.swift in Sources */ = {isa = PBXBuildFile; fileRef = 8054E35F261A4D580096AC32 /* RequestDetailTab.swift */; };
		8054E367261B19BF0096AC32 /* ResponseTabDescriptor.swift in Sources */ = {isa = PBXBuildFile; fileRef = 8054E363261A62F20096AC32 /* ResponseTabDescriptor.swift */; };
		8054E384261B59320096AC32 /* Core in Frameworks */ = {isa = PBXBuildFile; productRef = 8054E383261B59320096AC32 /* Core */; };
		8067E080261700070055ED3D /* MainCoordinator.swift in Sources */ = {isa = PBXBuildFile; fileRef = 8067E07F261700070055ED3D /* MainCoordinator.swift */; };
		8067E0B5261702500055ED3D /* RequestListViewModel.swift in Sources */ = {isa = PBXBuildFile; fileRef = 8067E0AA261702500055ED3D /* RequestListViewModel.swift */; };
		8067E0B6261702500055ED3D /* RequestDetail.swift in Sources */ = {isa = PBXBuildFile; fileRef = 8067E0AB261702500055ED3D /* RequestDetail.swift */; };
		8067E0B8261702500055ED3D /* RequestList.swift in Sources */ = {isa = PBXBuildFile; fileRef = 8067E0AD261702500055ED3D /* RequestList.swift */; };
		8067E0B9261702500055ED3D /* TextViewerViewModel.swift in Sources */ = {isa = PBXBuildFile; fileRef = 8067E0AE261702500055ED3D /* TextViewerViewModel.swift */; };
		8067E0BC261702500055ED3D /* RequestViewModel.swift in Sources */ = {isa = PBXBuildFile; fileRef = 8067E0B1261702500055ED3D /* RequestViewModel.swift */; };
		8067E0BD261702500055ED3D /* TextViewer.swift in Sources */ = {isa = PBXBuildFile; fileRef = 8067E0B2261702500055ED3D /* TextViewer.swift */; };
		8067E0BF261702500055ED3D /* SearchableListViewController.swift in Sources */ = {isa = PBXBuildFile; fileRef = 8067E0B4261702500055ED3D /* SearchableListViewController.swift */; };
		806AC2D2261A40F900E75CB3 /* RequestListViewModel.swift in Sources */ = {isa = PBXBuildFile; fileRef = 806AC2D1261A40F900E75CB3 /* RequestListViewModel.swift */; };
		806BB826260FB579002BCA40 /* AppDelegate.swift in Sources */ = {isa = PBXBuildFile; fileRef = 806BB825260FB579002BCA40 /* AppDelegate.swift */; };
		806BB828260FB579002BCA40 /* SceneDelegate.swift in Sources */ = {isa = PBXBuildFile; fileRef = 806BB827260FB579002BCA40 /* SceneDelegate.swift */; };
		806BB82A260FB579002BCA40 /* ContentView.swift in Sources */ = {isa = PBXBuildFile; fileRef = 806BB829260FB579002BCA40 /* ContentView.swift */; };
		806BB82C260FB57B002BCA40 /* Assets.xcassets in Resources */ = {isa = PBXBuildFile; fileRef = 806BB82B260FB57B002BCA40 /* Assets.xcassets */; };
		806BB82F260FB57B002BCA40 /* Preview Assets.xcassets in Resources */ = {isa = PBXBuildFile; fileRef = 806BB82E260FB57B002BCA40 /* Preview Assets.xcassets */; };
		806BB832260FB57B002BCA40 /* LaunchScreen.storyboard in Resources */ = {isa = PBXBuildFile; fileRef = 806BB830260FB57B002BCA40 /* LaunchScreen.storyboard */; };
		806BB8A1260FCEE3002BCA40 /* RequestDelegate.swift in Sources */ = {isa = PBXBuildFile; fileRef = 806BB867260FCEE2002BCA40 /* RequestDelegate.swift */; };
		806BB8A2260FCEE3002BCA40 /* RequestInterceptor.swift in Sources */ = {isa = PBXBuildFile; fileRef = 806BB868260FCEE2002BCA40 /* RequestInterceptor.swift */; };
		806BB8A3260FCEE3002BCA40 /* RequestInterceptorDelegate.swift in Sources */ = {isa = PBXBuildFile; fileRef = 806BB869260FCEE2002BCA40 /* RequestInterceptorDelegate.swift */; };
		806BB8A7260FCEE3002BCA40 /* Cookie.swift in Sources */ = {isa = PBXBuildFile; fileRef = 806BB86D260FCEE2002BCA40 /* Cookie.swift */; };
		806BB8A8260FCEE3002BCA40 /* CookieURLProtocol.swift in Sources */ = {isa = PBXBuildFile; fileRef = 806BB86E260FCEE2002BCA40 /* CookieURLProtocol.swift */; };
		80A6C86E2617521F002DB811 /* ContentViewViewModel.swift in Sources */ = {isa = PBXBuildFile; fileRef = 80A6C86D2617521F002DB811 /* ContentViewViewModel.swift */; };
		80A6C870261762C4002DB811 /* RequestRow.swift in Sources */ = {isa = PBXBuildFile; fileRef = 80A6C86F261762C4002DB811 /* RequestRow.swift */; };
		80A6C878261A1ECB002DB811 /* CookieMacApp.swift in Sources */ = {isa = PBXBuildFile; fileRef = 80A6C877261A1ECB002DB811 /* CookieMacApp.swift */; };
		80A6C87A261A1ECB002DB811 /* ContentView.swift in Sources */ = {isa = PBXBuildFile; fileRef = 80A6C879261A1ECB002DB811 /* ContentView.swift */; };
		80A6C87C261A1ECE002DB811 /* Assets.xcassets in Resources */ = {isa = PBXBuildFile; fileRef = 80A6C87B261A1ECE002DB811 /* Assets.xcassets */; };
		80A6C87F261A1ECE002DB811 /* Preview Assets.xcassets in Resources */ = {isa = PBXBuildFile; fileRef = 80A6C87E261A1ECE002DB811 /* Preview Assets.xcassets */; };
		80A6C885261A20B3002DB811 /* RequestList.swift in Sources */ = {isa = PBXBuildFile; fileRef = 8067E0AD261702500055ED3D /* RequestList.swift */; };
		80A6C887261A20B3002DB811 /* RequestRow.swift in Sources */ = {isa = PBXBuildFile; fileRef = 80A6C86F261762C4002DB811 /* RequestRow.swift */; };
		80A6C888261A20B3002DB811 /* RequestViewModel.swift in Sources */ = {isa = PBXBuildFile; fileRef = 8067E0B1261702500055ED3D /* RequestViewModel.swift */; };
		80A6C889261A20B3002DB811 /* SearchableListViewController.swift in Sources */ = {isa = PBXBuildFile; fileRef = 8067E0B4261702500055ED3D /* SearchableListViewController.swift */; };
		80A6C891261A21A1002DB811 /* RequestDelegate.swift in Sources */ = {isa = PBXBuildFile; fileRef = 806BB867260FCEE2002BCA40 /* RequestDelegate.swift */; };
		80A6C894261A2669002DB811 /* RequestDetail.swift in Sources */ = {isa = PBXBuildFile; fileRef = 8067E0AB261702500055ED3D /* RequestDetail.swift */; };
		80A6C895261A269F002DB811 /* TextViewerViewModel.swift in Sources */ = {isa = PBXBuildFile; fileRef = 8067E0AE261702500055ED3D /* TextViewerViewModel.swift */; };
		80A6C896261A26A1002DB811 /* TextViewer.swift in Sources */ = {isa = PBXBuildFile; fileRef = 8067E0B2261702500055ED3D /* TextViewer.swift */; };
		80DA7545261B598C008EAB1C /* Core in Frameworks */ = {isa = PBXBuildFile; productRef = 80DA7544261B598C008EAB1C /* Core */; };
/* End PBXBuildFile section */

/* Begin PBXFileReference section */
		1305481526EE777000BD7720 /* LoadingIndicator.swift */ = {isa = PBXFileReference; lastKnownFileType = sourcecode.swift; path = LoadingIndicator.swift; sourceTree = "<group>"; };
		1305481726EEA9EF00BD7720 /* SearchNavigation.swift */ = {isa = PBXFileReference; lastKnownFileType = sourcecode.swift; path = SearchNavigation.swift; sourceTree = "<group>"; };
		1305481926EF417E00BD7720 /* TestRequest.swift */ = {isa = PBXFileReference; lastKnownFileType = sourcecode.swift; path = TestRequest.swift; sourceTree = "<group>"; };
		1305481B26EFF6BB00BD7720 /* SearchBar.swift */ = {isa = PBXFileReference; lastKnownFileType = sourcecode.swift; path = SearchBar.swift; sourceTree = "<group>"; };
		1305481D26EFFB5900BD7720 /* RequestTabDescriptor.swift */ = {isa = PBXFileReference; lastKnownFileType = sourcecode.swift; path = RequestTabDescriptor.swift; sourceTree = "<group>"; };
		1305481F26F090C200BD7720 /* RequestDetailTabViewModel.swift */ = {isa = PBXFileReference; lastKnownFileType = sourcecode.swift; path = RequestDetailTabViewModel.swift; sourceTree = "<group>"; };
		1305482126F0A9B000BD7720 /* RequestDetailViewModel.swift */ = {isa = PBXFileReference; lastKnownFileType = sourcecode.swift; path = RequestDetailViewModel.swift; sourceTree = "<group>"; };
		1305482326F0AA3500BD7720 /* SummaryTabDescriptor.swift */ = {isa = PBXFileReference; lastKnownFileType = sourcecode.swift; path = SummaryTabDescriptor.swift; sourceTree = "<group>"; };
		13EA406026EBA1FF00FFD0F7 /* RequestDetailItem.swift */ = {isa = PBXFileReference; lastKnownFileType = sourcecode.swift; name = RequestDetailItem.swift; path = Cookie/Library/UI/Views/RequestDetailItem/RequestDetailItem.swift; sourceTree = SOURCE_ROOT; };
		8054E35F261A4D580096AC32 /* RequestDetailTab.swift */ = {isa = PBXFileReference; lastKnownFileType = sourcecode.swift; path = RequestDetailTab.swift; sourceTree = "<group>"; };
		8054E363261A62F20096AC32 /* ResponseTabDescriptor.swift */ = {isa = PBXFileReference; lastKnownFileType = sourcecode.swift; path = ResponseTabDescriptor.swift; sourceTree = "<group>"; };
		8054E37F261B584F0096AC32 /* Core */ = {isa = PBXFileReference; lastKnownFileType = folder; name = Core; path = Core/Core; sourceTree = "<group>"; };
		8067E07F261700070055ED3D /* MainCoordinator.swift */ = {isa = PBXFileReference; lastKnownFileType = sourcecode.swift; path = MainCoordinator.swift; sourceTree = "<group>"; };
		8067E0AA261702500055ED3D /* RequestListViewModel.swift */ = {isa = PBXFileReference; fileEncoding = 4; lastKnownFileType = sourcecode.swift; path = RequestListViewModel.swift; sourceTree = "<group>"; };
		8067E0AB261702500055ED3D /* RequestDetail.swift */ = {isa = PBXFileReference; fileEncoding = 4; lastKnownFileType = sourcecode.swift; path = RequestDetail.swift; sourceTree = "<group>"; };
		8067E0AD261702500055ED3D /* RequestList.swift */ = {isa = PBXFileReference; fileEncoding = 4; lastKnownFileType = sourcecode.swift; path = RequestList.swift; sourceTree = "<group>"; };
		8067E0AE261702500055ED3D /* TextViewerViewModel.swift */ = {isa = PBXFileReference; fileEncoding = 4; lastKnownFileType = sourcecode.swift; path = TextViewerViewModel.swift; sourceTree = "<group>"; };
		8067E0B1261702500055ED3D /* RequestViewModel.swift */ = {isa = PBXFileReference; fileEncoding = 4; lastKnownFileType = sourcecode.swift; path = RequestViewModel.swift; sourceTree = "<group>"; };
		8067E0B2261702500055ED3D /* TextViewer.swift */ = {isa = PBXFileReference; fileEncoding = 4; lastKnownFileType = sourcecode.swift; path = TextViewer.swift; sourceTree = "<group>"; };
		8067E0B4261702500055ED3D /* SearchableListViewController.swift */ = {isa = PBXFileReference; fileEncoding = 4; lastKnownFileType = sourcecode.swift; path = SearchableListViewController.swift; sourceTree = "<group>"; };
		806AC2D1261A40F900E75CB3 /* RequestListViewModel.swift */ = {isa = PBXFileReference; lastKnownFileType = sourcecode.swift; path = RequestListViewModel.swift; sourceTree = "<group>"; };
		806BB822260FB579002BCA40 /* Cookie.app */ = {isa = PBXFileReference; explicitFileType = wrapper.application; includeInIndex = 0; path = Cookie.app; sourceTree = BUILT_PRODUCTS_DIR; };
		806BB825260FB579002BCA40 /* AppDelegate.swift */ = {isa = PBXFileReference; lastKnownFileType = sourcecode.swift; path = AppDelegate.swift; sourceTree = "<group>"; };
		806BB827260FB579002BCA40 /* SceneDelegate.swift */ = {isa = PBXFileReference; lastKnownFileType = sourcecode.swift; path = SceneDelegate.swift; sourceTree = "<group>"; };
		806BB829260FB579002BCA40 /* ContentView.swift */ = {isa = PBXFileReference; lastKnownFileType = sourcecode.swift; path = ContentView.swift; sourceTree = "<group>"; };
		806BB82B260FB57B002BCA40 /* Assets.xcassets */ = {isa = PBXFileReference; lastKnownFileType = folder.assetcatalog; path = Assets.xcassets; sourceTree = "<group>"; };
		806BB82E260FB57B002BCA40 /* Preview Assets.xcassets */ = {isa = PBXFileReference; lastKnownFileType = folder.assetcatalog; path = "Preview Assets.xcassets"; sourceTree = "<group>"; };
		806BB831260FB57B002BCA40 /* Base */ = {isa = PBXFileReference; lastKnownFileType = file.storyboard; name = Base; path = Base.lproj/LaunchScreen.storyboard; sourceTree = "<group>"; };
		806BB833260FB57B002BCA40 /* Info.plist */ = {isa = PBXFileReference; lastKnownFileType = text.plist.xml; path = Info.plist; sourceTree = "<group>"; };
		806BB867260FCEE2002BCA40 /* RequestDelegate.swift */ = {isa = PBXFileReference; fileEncoding = 4; lastKnownFileType = sourcecode.swift; path = RequestDelegate.swift; sourceTree = "<group>"; };
		806BB868260FCEE2002BCA40 /* RequestInterceptor.swift */ = {isa = PBXFileReference; fileEncoding = 4; lastKnownFileType = sourcecode.swift; path = RequestInterceptor.swift; sourceTree = "<group>"; };
		806BB869260FCEE2002BCA40 /* RequestInterceptorDelegate.swift */ = {isa = PBXFileReference; fileEncoding = 4; lastKnownFileType = sourcecode.swift; path = RequestInterceptorDelegate.swift; sourceTree = "<group>"; };
		806BB86D260FCEE2002BCA40 /* Cookie.swift */ = {isa = PBXFileReference; fileEncoding = 4; lastKnownFileType = sourcecode.swift; path = Cookie.swift; sourceTree = "<group>"; };
		806BB86E260FCEE2002BCA40 /* CookieURLProtocol.swift */ = {isa = PBXFileReference; fileEncoding = 4; lastKnownFileType = sourcecode.swift; path = CookieURLProtocol.swift; sourceTree = "<group>"; };
		80A6C86D2617521F002DB811 /* ContentViewViewModel.swift */ = {isa = PBXFileReference; lastKnownFileType = sourcecode.swift; path = ContentViewViewModel.swift; sourceTree = "<group>"; };
		80A6C86F261762C4002DB811 /* RequestRow.swift */ = {isa = PBXFileReference; lastKnownFileType = sourcecode.swift; path = RequestRow.swift; sourceTree = "<group>"; };
		80A6C875261A1ECB002DB811 /* CookieMac.app */ = {isa = PBXFileReference; explicitFileType = wrapper.application; includeInIndex = 0; path = CookieMac.app; sourceTree = BUILT_PRODUCTS_DIR; };
		80A6C877261A1ECB002DB811 /* CookieMacApp.swift */ = {isa = PBXFileReference; lastKnownFileType = sourcecode.swift; path = CookieMacApp.swift; sourceTree = "<group>"; };
		80A6C879261A1ECB002DB811 /* ContentView.swift */ = {isa = PBXFileReference; lastKnownFileType = sourcecode.swift; path = ContentView.swift; sourceTree = "<group>"; };
		80A6C87B261A1ECE002DB811 /* Assets.xcassets */ = {isa = PBXFileReference; lastKnownFileType = folder.assetcatalog; path = Assets.xcassets; sourceTree = "<group>"; };
		80A6C87E261A1ECE002DB811 /* Preview Assets.xcassets */ = {isa = PBXFileReference; lastKnownFileType = folder.assetcatalog; path = "Preview Assets.xcassets"; sourceTree = "<group>"; };
		80A6C880261A1ECE002DB811 /* Info.plist */ = {isa = PBXFileReference; lastKnownFileType = text.plist.xml; path = Info.plist; sourceTree = "<group>"; };
		80A6C881261A1ECE002DB811 /* CookieMac.entitlements */ = {isa = PBXFileReference; lastKnownFileType = text.plist.entitlements; path = CookieMac.entitlements; sourceTree = "<group>"; };
/* End PBXFileReference section */

/* Begin PBXFrameworksBuildPhase section */
		806BB81F260FB579002BCA40 /* Frameworks */ = {
			isa = PBXFrameworksBuildPhase;
			buildActionMask = 2147483647;
			files = (
				8054E384261B59320096AC32 /* Core in Frameworks */,
			);
			runOnlyForDeploymentPostprocessing = 0;
		};
		80A6C872261A1ECB002DB811 /* Frameworks */ = {
			isa = PBXFrameworksBuildPhase;
			buildActionMask = 2147483647;
			files = (
				80DA7545261B598C008EAB1C /* Core in Frameworks */,
			);
			runOnlyForDeploymentPostprocessing = 0;
		};
/* End PBXFrameworksBuildPhase section */

/* Begin PBXGroup section */
		8054E382261B59320096AC32 /* Frameworks */ = {
			isa = PBXGroup;
			children = (
			);
			name = Frameworks;
			sourceTree = "<group>";
		};
		8067E0A9261702500055ED3D /* Views */ = {
			isa = PBXGroup;
			children = (
				80A6C86B26174F9E002DB811 /* RequestList */,
				80A6C86C26174FAE002DB811 /* RequestDetails */,
				80A6C86A26174D33002DB811 /* TextViewer */,
				1305481726EEA9EF00BD7720 /* SearchNavigation.swift */,
				1305481926EF417E00BD7720 /* TestRequest.swift */,
				1305481B26EFF6BB00BD7720 /* SearchBar.swift */,
			);
			path = Views;
			sourceTree = "<group>";
		};
		806BB819260FB579002BCA40 = {
			isa = PBXGroup;
			children = (
				8054E37F261B584F0096AC32 /* Core */,
				806BB824260FB579002BCA40 /* Cookie */,
				80A6C876261A1ECB002DB811 /* CookieMac */,
				806BB823260FB579002BCA40 /* Products */,
				8054E382261B59320096AC32 /* Frameworks */,
			);
			sourceTree = "<group>";
		};
		806BB823260FB579002BCA40 /* Products */ = {
			isa = PBXGroup;
			children = (
				806BB822260FB579002BCA40 /* Cookie.app */,
				80A6C875261A1ECB002DB811 /* CookieMac.app */,
			);
			name = Products;
			sourceTree = "<group>";
		};
		806BB824260FB579002BCA40 /* Cookie */ = {
			isa = PBXGroup;
			children = (
				806BB839260FCEE2002BCA40 /* Library */,
				806BB825260FB579002BCA40 /* AppDelegate.swift */,
				806BB827260FB579002BCA40 /* SceneDelegate.swift */,
				806BB829260FB579002BCA40 /* ContentView.swift */,
				80A6C86D2617521F002DB811 /* ContentViewViewModel.swift */,
				806BB82B260FB57B002BCA40 /* Assets.xcassets */,
				806BB830260FB57B002BCA40 /* LaunchScreen.storyboard */,
				806BB833260FB57B002BCA40 /* Info.plist */,
				806BB82D260FB57B002BCA40 /* Preview Content */,
			);
			path = Cookie;
			sourceTree = "<group>";
		};
		806BB82D260FB57B002BCA40 /* Preview Content */ = {
			isa = PBXGroup;
			children = (
				806BB82E260FB57B002BCA40 /* Preview Assets.xcassets */,
			);
			path = "Preview Content";
			sourceTree = "<group>";
		};
		806BB839260FCEE2002BCA40 /* Library */ = {
			isa = PBXGroup;
			children = (
				806BB83A260FCEE2002BCA40 /* UI */,
				806BB866260FCEE2002BCA40 /* Core */,
			);
			path = Library;
			sourceTree = "<group>";
		};
		806BB83A260FCEE2002BCA40 /* UI */ = {
			isa = PBXGroup;
			children = (
				8067E0A9261702500055ED3D /* Views */,
				8067E07F261700070055ED3D /* MainCoordinator.swift */,
			);
			path = UI;
			sourceTree = "<group>";
		};
		806BB866260FCEE2002BCA40 /* Core */ = {
			isa = PBXGroup;
			children = (
				806BB86D260FCEE2002BCA40 /* Cookie.swift */,
				806BB86E260FCEE2002BCA40 /* CookieURLProtocol.swift */,
				806BB867260FCEE2002BCA40 /* RequestDelegate.swift */,
				806BB868260FCEE2002BCA40 /* RequestInterceptor.swift */,
				806BB869260FCEE2002BCA40 /* RequestInterceptorDelegate.swift */,
			);
			path = Core;
			sourceTree = "<group>";
		};
		80A6C86A26174D33002DB811 /* TextViewer */ = {
			isa = PBXGroup;
			children = (
				8067E0B2261702500055ED3D /* TextViewer.swift */,
				8067E0AE261702500055ED3D /* TextViewerViewModel.swift */,
			);
			path = TextViewer;
			sourceTree = "<group>";
		};
		80A6C86B26174F9E002DB811 /* RequestList */ = {
			isa = PBXGroup;
			children = (
				1305481526EE777000BD7720 /* LoadingIndicator.swift */,
				8067E0AD261702500055ED3D /* RequestList.swift */,
				8067E0AA261702500055ED3D /* RequestListViewModel.swift */,
				80A6C86F261762C4002DB811 /* RequestRow.swift */,
				8067E0B1261702500055ED3D /* RequestViewModel.swift */,
				8067E0B4261702500055ED3D /* SearchableListViewController.swift */,
			);
			path = RequestList;
			sourceTree = "<group>";
		};
		80A6C86C26174FAE002DB811 /* RequestDetails */ = {
			isa = PBXGroup;
			children = (
				8067E0AB261702500055ED3D /* RequestDetail.swift */,
				1305482126F0A9B000BD7720 /* RequestDetailViewModel.swift */,
				13EA406026EBA1FF00FFD0F7 /* RequestDetailItem.swift */,
				8054E35F261A4D580096AC32 /* RequestDetailTab.swift */,
				1305481F26F090C200BD7720 /* RequestDetailTabViewModel.swift */,
				1305481D26EFFB5900BD7720 /* RequestTabDescriptor.swift */,
				8054E363261A62F20096AC32 /* ResponseTabDescriptor.swift */,
				1305482326F0AA3500BD7720 /* SummaryTabDescriptor.swift */,
			);
			path = RequestDetails;
			sourceTree = "<group>";
		};
		80A6C876261A1ECB002DB811 /* CookieMac */ = {
			isa = PBXGroup;
			children = (
				806AC2D1261A40F900E75CB3 /* RequestListViewModel.swift */,
				80A6C877261A1ECB002DB811 /* CookieMacApp.swift */,
				80A6C879261A1ECB002DB811 /* ContentView.swift */,
				80A6C87B261A1ECE002DB811 /* Assets.xcassets */,
				80A6C880261A1ECE002DB811 /* Info.plist */,
				80A6C881261A1ECE002DB811 /* CookieMac.entitlements */,
				80A6C87D261A1ECE002DB811 /* Preview Content */,
			);
			path = CookieMac;
			sourceTree = "<group>";
		};
		80A6C87D261A1ECE002DB811 /* Preview Content */ = {
			isa = PBXGroup;
			children = (
				80A6C87E261A1ECE002DB811 /* Preview Assets.xcassets */,
			);
			path = "Preview Content";
			sourceTree = "<group>";
		};
/* End PBXGroup section */

/* Begin PBXNativeTarget section */
		806BB821260FB579002BCA40 /* Cookie */ = {
			isa = PBXNativeTarget;
			buildConfigurationList = 806BB836260FB57B002BCA40 /* Build configuration list for PBXNativeTarget "Cookie" */;
			buildPhases = (
				806BB81E260FB579002BCA40 /* Sources */,
				806BB81F260FB579002BCA40 /* Frameworks */,
				806BB820260FB579002BCA40 /* Resources */,
			);
			buildRules = (
			);
			dependencies = (
			);
			name = Cookie;
			packageProductDependencies = (
				8054E383261B59320096AC32 /* Core */,
			);
			productName = Cookie;
			productReference = 806BB822260FB579002BCA40 /* Cookie.app */;
			productType = "com.apple.product-type.application";
		};
		80A6C874261A1ECB002DB811 /* CookieMac */ = {
			isa = PBXNativeTarget;
			buildConfigurationList = 80A6C882261A1ECE002DB811 /* Build configuration list for PBXNativeTarget "CookieMac" */;
			buildPhases = (
				80A6C871261A1ECB002DB811 /* Sources */,
				80A6C872261A1ECB002DB811 /* Frameworks */,
				80A6C873261A1ECB002DB811 /* Resources */,
			);
			buildRules = (
			);
			dependencies = (
			);
			name = CookieMac;
			packageProductDependencies = (
				80DA7544261B598C008EAB1C /* Core */,
			);
			productName = CookieMac;
			productReference = 80A6C875261A1ECB002DB811 /* CookieMac.app */;
			productType = "com.apple.product-type.application";
		};
/* End PBXNativeTarget section */

/* Begin PBXProject section */
		806BB81A260FB579002BCA40 /* Project object */ = {
			isa = PBXProject;
			attributes = {
				LastSwiftUpdateCheck = 1250;
				LastUpgradeCheck = 1250;
				TargetAttributes = {
					806BB821260FB579002BCA40 = {
						CreatedOnToolsVersion = 12.5;
					};
					80A6C874261A1ECB002DB811 = {
						CreatedOnToolsVersion = 12.5;
					};
				};
			};
			buildConfigurationList = 806BB81D260FB579002BCA40 /* Build configuration list for PBXProject "Cookie" */;
			compatibilityVersion = "Xcode 12.0";
			developmentRegion = en;
			hasScannedForEncodings = 0;
			knownRegions = (
				en,
				Base,
			);
			mainGroup = 806BB819260FB579002BCA40;
			productRefGroup = 806BB823260FB579002BCA40 /* Products */;
			projectDirPath = "";
			projectRoot = "";
			targets = (
				806BB821260FB579002BCA40 /* Cookie */,
				80A6C874261A1ECB002DB811 /* CookieMac */,
			);
		};
/* End PBXProject section */

/* Begin PBXResourcesBuildPhase section */
		806BB820260FB579002BCA40 /* Resources */ = {
			isa = PBXResourcesBuildPhase;
			buildActionMask = 2147483647;
			files = (
				806BB832260FB57B002BCA40 /* LaunchScreen.storyboard in Resources */,
				806BB82F260FB57B002BCA40 /* Preview Assets.xcassets in Resources */,
				806BB82C260FB57B002BCA40 /* Assets.xcassets in Resources */,
			);
			runOnlyForDeploymentPostprocessing = 0;
		};
		80A6C873261A1ECB002DB811 /* Resources */ = {
			isa = PBXResourcesBuildPhase;
			buildActionMask = 2147483647;
			files = (
				80A6C87F261A1ECE002DB811 /* Preview Assets.xcassets in Resources */,
				80A6C87C261A1ECE002DB811 /* Assets.xcassets in Resources */,
			);
			runOnlyForDeploymentPostprocessing = 0;
		};
/* End PBXResourcesBuildPhase section */

/* Begin PBXSourcesBuildPhase section */
		806BB81E260FB579002BCA40 /* Sources */ = {
			isa = PBXSourcesBuildPhase;
			buildActionMask = 2147483647;
			files = (
				1305481626EE777000BD7720 /* LoadingIndicator.swift in Sources */,
				806BB8A8260FCEE3002BCA40 /* CookieURLProtocol.swift in Sources */,
				806BB8A3260FCEE3002BCA40 /* RequestInterceptorDelegate.swift in Sources */,
				80A6C86E2617521F002DB811 /* ContentViewViewModel.swift in Sources */,
				1305481E26EFFB5900BD7720 /* RequestTabDescriptor.swift in Sources */,
				8067E080261700070055ED3D /* MainCoordinator.swift in Sources */,
				8067E0BF261702500055ED3D /* SearchableListViewController.swift in Sources */,
				8054E364261A62F20096AC32 /* ResponseTabDescriptor.swift in Sources */,
				806BB826260FB579002BCA40 /* AppDelegate.swift in Sources */,
				13EA406126EBA1FF00FFD0F7 /* RequestDetailItem.swift in Sources */,
				8067E0B9261702500055ED3D /* TextViewerViewModel.swift in Sources */,
				806BB8A1260FCEE3002BCA40 /* RequestDelegate.swift in Sources */,
				80A6C870261762C4002DB811 /* RequestRow.swift in Sources */,
				8067E0B5261702500055ED3D /* RequestListViewModel.swift in Sources */,
				1305481C26EFF6BB00BD7720 /* SearchBar.swift in Sources */,
				8067E0BC261702500055ED3D /* RequestViewModel.swift in Sources */,
				1305481A26EF417E00BD7720 /* TestRequest.swift in Sources */,
				1305482026F090C200BD7720 /* RequestDetailTabViewModel.swift in Sources */,
				806BB8A2260FCEE3002BCA40 /* RequestInterceptor.swift in Sources */,
				1305481826EEA9EF00BD7720 /* SearchNavigation.swift in Sources */,
				8067E0B8261702500055ED3D /* RequestList.swift in Sources */,
				1305482426F0AA3500BD7720 /* SummaryTabDescriptor.swift in Sources */,
				806BB828260FB579002BCA40 /* SceneDelegate.swift in Sources */,
				8067E0BD261702500055ED3D /* TextViewer.swift in Sources */,
				8054E360261A4D580096AC32 /* RequestDetailTab.swift in Sources */,
				806BB8A7260FCEE3002BCA40 /* Cookie.swift in Sources */,
				8067E0B6261702500055ED3D /* RequestDetail.swift in Sources */,
				806BB82A260FB579002BCA40 /* ContentView.swift in Sources */,
				1305482226F0A9B000BD7720 /* RequestDetailViewModel.swift in Sources */,
			);
			runOnlyForDeploymentPostprocessing = 0;
		};
		80A6C871261A1ECB002DB811 /* Sources */ = {
			isa = PBXSourcesBuildPhase;
			buildActionMask = 2147483647;
			files = (
				80A6C896261A26A1002DB811 /* TextViewer.swift in Sources */,
				80A6C888261A20B3002DB811 /* RequestViewModel.swift in Sources */,
				80A6C889261A20B3002DB811 /* SearchableListViewController.swift in Sources */,
				80A6C87A261A1ECB002DB811 /* ContentView.swift in Sources */,
				8054E367261B19BF0096AC32 /* ResponseTabDescriptor.swift in Sources */,
				80A6C894261A2669002DB811 /* RequestDetail.swift in Sources */,
				806AC2D2261A40F900E75CB3 /* RequestListViewModel.swift in Sources */,
				80A6C887261A20B3002DB811 /* RequestRow.swift in Sources */,
				80A6C885261A20B3002DB811 /* RequestList.swift in Sources */,
				8054E365261B19B90096AC32 /* RequestDetailTab.swift in Sources */,
				80A6C878261A1ECB002DB811 /* CookieMacApp.swift in Sources */,
				80A6C891261A21A1002DB811 /* RequestDelegate.swift in Sources */,
				80A6C895261A269F002DB811 /* TextViewerViewModel.swift in Sources */,
			);
			runOnlyForDeploymentPostprocessing = 0;
		};
/* End PBXSourcesBuildPhase section */

/* Begin PBXVariantGroup section */
		806BB830260FB57B002BCA40 /* LaunchScreen.storyboard */ = {
			isa = PBXVariantGroup;
			children = (
				806BB831260FB57B002BCA40 /* Base */,
			);
			name = LaunchScreen.storyboard;
			sourceTree = "<group>";
		};
/* End PBXVariantGroup section */

/* Begin XCBuildConfiguration section */
		806BB834260FB57B002BCA40 /* Debug */ = {
			isa = XCBuildConfiguration;
			buildSettings = {
				ALWAYS_SEARCH_USER_PATHS = NO;
				CLANG_ANALYZER_NONNULL = YES;
				CLANG_ANALYZER_NUMBER_OBJECT_CONVERSION = YES_AGGRESSIVE;
				CLANG_CXX_LANGUAGE_STANDARD = "gnu++14";
				CLANG_CXX_LIBRARY = "libc++";
				CLANG_ENABLE_MODULES = YES;
				CLANG_ENABLE_OBJC_ARC = YES;
				CLANG_ENABLE_OBJC_WEAK = YES;
				CLANG_WARN_BLOCK_CAPTURE_AUTORELEASING = YES;
				CLANG_WARN_BOOL_CONVERSION = YES;
				CLANG_WARN_COMMA = YES;
				CLANG_WARN_CONSTANT_CONVERSION = YES;
				CLANG_WARN_DEPRECATED_OBJC_IMPLEMENTATIONS = YES;
				CLANG_WARN_DIRECT_OBJC_ISA_USAGE = YES_ERROR;
				CLANG_WARN_DOCUMENTATION_COMMENTS = YES;
				CLANG_WARN_EMPTY_BODY = YES;
				CLANG_WARN_ENUM_CONVERSION = YES;
				CLANG_WARN_INFINITE_RECURSION = YES;
				CLANG_WARN_INT_CONVERSION = YES;
				CLANG_WARN_NON_LITERAL_NULL_CONVERSION = YES;
				CLANG_WARN_OBJC_IMPLICIT_RETAIN_SELF = YES;
				CLANG_WARN_OBJC_LITERAL_CONVERSION = YES;
				CLANG_WARN_OBJC_ROOT_CLASS = YES_ERROR;
				CLANG_WARN_QUOTED_INCLUDE_IN_FRAMEWORK_HEADER = YES;
				CLANG_WARN_RANGE_LOOP_ANALYSIS = YES;
				CLANG_WARN_STRICT_PROTOTYPES = YES;
				CLANG_WARN_SUSPICIOUS_MOVE = YES;
				CLANG_WARN_UNGUARDED_AVAILABILITY = YES_AGGRESSIVE;
				CLANG_WARN_UNREACHABLE_CODE = YES;
				CLANG_WARN__DUPLICATE_METHOD_MATCH = YES;
				COPY_PHASE_STRIP = NO;
				DEBUG_INFORMATION_FORMAT = dwarf;
				ENABLE_STRICT_OBJC_MSGSEND = YES;
				ENABLE_TESTABILITY = YES;
				GCC_C_LANGUAGE_STANDARD = gnu11;
				GCC_DYNAMIC_NO_PIC = NO;
				GCC_NO_COMMON_BLOCKS = YES;
				GCC_OPTIMIZATION_LEVEL = 0;
				GCC_PREPROCESSOR_DEFINITIONS = (
					"DEBUG=1",
					"$(inherited)",
				);
				GCC_WARN_64_TO_32_BIT_CONVERSION = YES;
				GCC_WARN_ABOUT_RETURN_TYPE = YES_ERROR;
				GCC_WARN_UNDECLARED_SELECTOR = YES;
				GCC_WARN_UNINITIALIZED_AUTOS = YES_AGGRESSIVE;
				GCC_WARN_UNUSED_FUNCTION = YES;
				GCC_WARN_UNUSED_VARIABLE = YES;
				IPHONEOS_DEPLOYMENT_TARGET = 13.0;
				MTL_ENABLE_DEBUG_INFO = INCLUDE_SOURCE;
				MTL_FAST_MATH = YES;
				ONLY_ACTIVE_ARCH = YES;
				SDKROOT = iphoneos;
				SWIFT_ACTIVE_COMPILATION_CONDITIONS = DEBUG;
				SWIFT_OPTIMIZATION_LEVEL = "-Onone";
			};
			name = Debug;
		};
		806BB835260FB57B002BCA40 /* Release */ = {
			isa = XCBuildConfiguration;
			buildSettings = {
				ALWAYS_SEARCH_USER_PATHS = NO;
				CLANG_ANALYZER_NONNULL = YES;
				CLANG_ANALYZER_NUMBER_OBJECT_CONVERSION = YES_AGGRESSIVE;
				CLANG_CXX_LANGUAGE_STANDARD = "gnu++14";
				CLANG_CXX_LIBRARY = "libc++";
				CLANG_ENABLE_MODULES = YES;
				CLANG_ENABLE_OBJC_ARC = YES;
				CLANG_ENABLE_OBJC_WEAK = YES;
				CLANG_WARN_BLOCK_CAPTURE_AUTORELEASING = YES;
				CLANG_WARN_BOOL_CONVERSION = YES;
				CLANG_WARN_COMMA = YES;
				CLANG_WARN_CONSTANT_CONVERSION = YES;
				CLANG_WARN_DEPRECATED_OBJC_IMPLEMENTATIONS = YES;
				CLANG_WARN_DIRECT_OBJC_ISA_USAGE = YES_ERROR;
				CLANG_WARN_DOCUMENTATION_COMMENTS = YES;
				CLANG_WARN_EMPTY_BODY = YES;
				CLANG_WARN_ENUM_CONVERSION = YES;
				CLANG_WARN_INFINITE_RECURSION = YES;
				CLANG_WARN_INT_CONVERSION = YES;
				CLANG_WARN_NON_LITERAL_NULL_CONVERSION = YES;
				CLANG_WARN_OBJC_IMPLICIT_RETAIN_SELF = YES;
				CLANG_WARN_OBJC_LITERAL_CONVERSION = YES;
				CLANG_WARN_OBJC_ROOT_CLASS = YES_ERROR;
				CLANG_WARN_QUOTED_INCLUDE_IN_FRAMEWORK_HEADER = YES;
				CLANG_WARN_RANGE_LOOP_ANALYSIS = YES;
				CLANG_WARN_STRICT_PROTOTYPES = YES;
				CLANG_WARN_SUSPICIOUS_MOVE = YES;
				CLANG_WARN_UNGUARDED_AVAILABILITY = YES_AGGRESSIVE;
				CLANG_WARN_UNREACHABLE_CODE = YES;
				CLANG_WARN__DUPLICATE_METHOD_MATCH = YES;
				COPY_PHASE_STRIP = NO;
				DEBUG_INFORMATION_FORMAT = "dwarf-with-dsym";
				ENABLE_NS_ASSERTIONS = NO;
				ENABLE_STRICT_OBJC_MSGSEND = YES;
				GCC_C_LANGUAGE_STANDARD = gnu11;
				GCC_NO_COMMON_BLOCKS = YES;
				GCC_WARN_64_TO_32_BIT_CONVERSION = YES;
				GCC_WARN_ABOUT_RETURN_TYPE = YES_ERROR;
				GCC_WARN_UNDECLARED_SELECTOR = YES;
				GCC_WARN_UNINITIALIZED_AUTOS = YES_AGGRESSIVE;
				GCC_WARN_UNUSED_FUNCTION = YES;
				GCC_WARN_UNUSED_VARIABLE = YES;
				IPHONEOS_DEPLOYMENT_TARGET = 13.0;
				MTL_ENABLE_DEBUG_INFO = NO;
				MTL_FAST_MATH = YES;
				SDKROOT = iphoneos;
				SWIFT_COMPILATION_MODE = wholemodule;
				SWIFT_OPTIMIZATION_LEVEL = "-O";
				VALIDATE_PRODUCT = YES;
			};
			name = Release;
		};
		806BB837260FB57B002BCA40 /* Debug */ = {
			isa = XCBuildConfiguration;
			buildSettings = {
				ASSETCATALOG_COMPILER_APPICON_NAME = AppIcon;
				ASSETCATALOG_COMPILER_GLOBAL_ACCENT_COLOR_NAME = AccentColor;
				CODE_SIGN_IDENTITY = "iPhone Developer";
				CODE_SIGN_STYLE = Manual;
				DEVELOPMENT_ASSET_PATHS = "\"Cookie/Preview Content\"";
				DEVELOPMENT_TEAM = P65VEJ9422;
				ENABLE_PREVIEWS = YES;
				INFOPLIST_FILE = Cookie/Info.plist;
				LD_RUNPATH_SEARCH_PATHS = (
					"$(inherited)",
					"@executable_path/Frameworks",
				);
				PRODUCT_BUNDLE_IDENTIFIER = com.rleao.Cookie;
				PRODUCT_NAME = "$(TARGET_NAME)";
				PROVISIONING_PROFILE_SPECIFIER = "Development Profile";
				SWIFT_VERSION = 5.0;
				TARGETED_DEVICE_FAMILY = "1,2";
			};
			name = Debug;
		};
		806BB838260FB57B002BCA40 /* Release */ = {
			isa = XCBuildConfiguration;
			buildSettings = {
				ASSETCATALOG_COMPILER_APPICON_NAME = AppIcon;
				ASSETCATALOG_COMPILER_GLOBAL_ACCENT_COLOR_NAME = AccentColor;
				CODE_SIGN_IDENTITY = "iPhone Developer";
				CODE_SIGN_STYLE = Manual;
				DEVELOPMENT_ASSET_PATHS = "\"Cookie/Preview Content\"";
				DEVELOPMENT_TEAM = P65VEJ9422;
				ENABLE_PREVIEWS = YES;
				INFOPLIST_FILE = Cookie/Info.plist;
				LD_RUNPATH_SEARCH_PATHS = (
					"$(inherited)",
					"@executable_path/Frameworks",
				);
				PRODUCT_BUNDLE_IDENTIFIER = com.rleao.Cookie;
				PRODUCT_NAME = "$(TARGET_NAME)";
				PROVISIONING_PROFILE_SPECIFIER = "Development Profile";
				SWIFT_VERSION = 5.0;
				TARGETED_DEVICE_FAMILY = "1,2";
			};
			name = Release;
		};
		80A6C883261A1ECE002DB811 /* Debug */ = {
			isa = XCBuildConfiguration;
			buildSettings = {
				ASSETCATALOG_COMPILER_APPICON_NAME = AppIcon;
				ASSETCATALOG_COMPILER_GLOBAL_ACCENT_COLOR_NAME = AccentColor;
				CODE_SIGN_ENTITLEMENTS = CookieMac/CookieMac.entitlements;
				CODE_SIGN_STYLE = Automatic;
				COMBINE_HIDPI_IMAGES = YES;
				DEVELOPMENT_ASSET_PATHS = "\"CookieMac/Preview Content\"";
				DEVELOPMENT_TEAM = 2B7FPWLUBX;
				ENABLE_HARDENED_RUNTIME = YES;
				ENABLE_PREVIEWS = YES;
				INFOPLIST_FILE = CookieMac/Info.plist;
				LD_RUNPATH_SEARCH_PATHS = (
					"$(inherited)",
					"@executable_path/../Frameworks",
				);
				MACOSX_DEPLOYMENT_TARGET = 11.1;
				PRODUCT_BUNDLE_IDENTIFIER = com.rleao.Cookie;
				PRODUCT_NAME = "$(TARGET_NAME)";
				SDKROOT = macosx;
				SWIFT_VERSION = 5.0;
			};
			name = Debug;
		};
		80A6C884261A1ECE002DB811 /* Release */ = {
			isa = XCBuildConfiguration;
			buildSettings = {
				ASSETCATALOG_COMPILER_APPICON_NAME = AppIcon;
				ASSETCATALOG_COMPILER_GLOBAL_ACCENT_COLOR_NAME = AccentColor;
				CODE_SIGN_ENTITLEMENTS = CookieMac/CookieMac.entitlements;
				CODE_SIGN_STYLE = Automatic;
				COMBINE_HIDPI_IMAGES = YES;
				DEVELOPMENT_ASSET_PATHS = "\"CookieMac/Preview Content\"";
				DEVELOPMENT_TEAM = 2B7FPWLUBX;
				ENABLE_HARDENED_RUNTIME = YES;
				ENABLE_PREVIEWS = YES;
				INFOPLIST_FILE = CookieMac/Info.plist;
				LD_RUNPATH_SEARCH_PATHS = (
					"$(inherited)",
					"@executable_path/../Frameworks",
				);
				MACOSX_DEPLOYMENT_TARGET = 11.1;
				PRODUCT_BUNDLE_IDENTIFIER = com.rleao.Cookie;
				PRODUCT_NAME = "$(TARGET_NAME)";
				SDKROOT = macosx;
				SWIFT_VERSION = 5.0;
			};
			name = Release;
		};
/* End XCBuildConfiguration section */

/* Begin XCConfigurationList section */
		806BB81D260FB579002BCA40 /* Build configuration list for PBXProject "Cookie" */ = {
			isa = XCConfigurationList;
			buildConfigurations = (
				806BB834260FB57B002BCA40 /* Debug */,
				806BB835260FB57B002BCA40 /* Release */,
			);
			defaultConfigurationIsVisible = 0;
			defaultConfigurationName = Release;
		};
		806BB836260FB57B002BCA40 /* Build configuration list for PBXNativeTarget "Cookie" */ = {
			isa = XCConfigurationList;
			buildConfigurations = (
				806BB837260FB57B002BCA40 /* Debug */,
				806BB838260FB57B002BCA40 /* Release */,
			);
			defaultConfigurationIsVisible = 0;
			defaultConfigurationName = Release;
		};
		80A6C882261A1ECE002DB811 /* Build configuration list for PBXNativeTarget "CookieMac" */ = {
			isa = XCConfigurationList;
			buildConfigurations = (
				80A6C883261A1ECE002DB811 /* Debug */,
				80A6C884261A1ECE002DB811 /* Release */,
			);
			defaultConfigurationIsVisible = 0;
			defaultConfigurationName = Release;
		};
/* End XCConfigurationList section */

/* Begin XCSwiftPackageProductDependency section */
		8054E383261B59320096AC32 /* Core */ = {
			isa = XCSwiftPackageProductDependency;
			productName = Core;
		};
		80DA7544261B598C008EAB1C /* Core */ = {
			isa = XCSwiftPackageProductDependency;
			productName = Core;
		};
/* End XCSwiftPackageProductDependency section */
	};
	rootObject = 806BB81A260FB579002BCA40 /* Project object */;
}
